// !$*UTF8*$!
{
	archiveVersion = 1;
	classes = {
	};
	objectVersion = 77;
	objects = {

/* Begin PBXContainerItemProxy section */
		CBB53F402FED88B1005AD9E9 /* PBXContainerItemProxy */ = {
			isa = PBXContainerItemProxy;
			containerPortal = CBB53F2A2FED88B0005AD9E9 /* Project object */;
			proxyType = 1;
			remoteGlobalIDString = CBB53F312FED88B0005AD9E9;
			remoteInfo = "Minimum Wage";
		};
		CBB53F4A2FED88B1005AD9E9 /* PBXContainerItemProxy */ = {
			isa = PBXContainerItemProxy;
			containerPortal = CBB53F2A2FED88B0005AD9E9 /* Project object */;
			proxyType = 1;
			remoteGlobalIDString = CBB53F312FED88B0005AD9E9;
			remoteInfo = "Minimum Wage";
		};
/* End PBXContainerItemProxy section */

/* Begin PBXFileReference section */
		CBB53F322FED88B0005AD9E9 /* Minimum Wage.app */ = {isa = PBXFileReference; explicitFileType = wrapper.application; includeInIndex = 0; path = "Minimum Wage.app"; sourceTree = BUILT_PRODUCTS_DIR; };
		CBB53F3F2FED88B1005AD9E9 /* Minimum WageTests.xctest */ = {isa = PBXFileReference; explicitFileType = wrapper.cfbundle; includeInIndex = 0; path = "Minimum WageTests.xctest"; sourceTree = BUILT_PRODUCTS_DIR; };
		CBB53F492FED88B1005AD9E9 /* Minimum WageUITests.xctest */ = {isa = PBXFileReference; explicitFileType = wrapper.cfbundle; includeInIndex = 0; path = "Minimum WageUITests.xctest"; sourceTree = BUILT_PRODUCTS_DIR; };
/* End PBXFileReference section */

/* Begin PBXFileSystemSynchronizedRootGroup section */
		CBB53F342FED88B0005AD9E9 /* Minimum Wage */ = {
			isa = PBXFileSystemSynchronizedRootGroup;
			path = "Minimum Wage";
			sourceTree = "<group>";
		};
		CBB53F422FED88B1005AD9E9 /* Minimum WageTests */ = {
			isa = PBXFileSystemSynchronizedRootGroup;
			path = "Minimum WageTests";
			sourceTree = "<group>";
		};
		CBB53F4C2FED88B1005AD9E9 /* Minimum WageUITests */ = {
			isa = PBXFileSystemSynchronizedRootGroup;
			path = "Minimum WageUITests";
			sourceTree = "<group>";
		};
/* End PBXFileSystemSynchronizedRootGroup section */

/* Begin PBXFrameworksBuildPhase section */
		CBB53F2F2FED88B0005AD9E9 /* Frameworks */ = {
			isa = PBXFrameworksBuildPhase;
			buildActionMask = 2147483647;
			files = (
			);
			runOnlyForDeploymentPostprocessing = 0;
		};
		CBB53F3C2FED88B1005AD9E9 /* Frameworks */ = {
			isa = PBXFrameworksBuildPhase;
			buildActionMask = 2147483647;
			files = (
			);
			runOnlyForDeploymentPostprocessing = 0;
		};
		CBB53F462FED88B1005AD9E9 /* Frameworks */ = {
			isa = PBXFrameworksBuildPhase;
			buildActionMask = 2147483647;
			files = (
			);
			runOnlyForDeploymentPostprocessing = 0;
		};
/* End PBXFrameworksBuildPhase section */

/* Begin PBXGroup section */
		CBB53F292FED88B0005AD9E9 = {
			isa = PBXGroup;
			children = (
				CBB53F342FED88B0005AD9E9 /* Minimum Wage */,
				CBB53F422FED88B1005AD9E9 /* Minimum WageTests */,
				CBB53F4C2FED88B1005AD9E9 /* Minimum WageUITests */,
				CBB53F332FED88B0005AD9E9 /* Products */,
			);
			sourceTree = "<group>";
		};
		CBB53F332FED88B0005AD9E9 /* Products */ = {
			isa = PBXGroup;
			children = (
				CBB53F322FED88B0005AD9E9 /* Minimum Wage.app */,
				CBB53F3F2FED88B1005AD9E9 /* Minimum WageTests.xctest */,
				CBB53F492FED88B1005AD9E9 /* Minimum WageUITests.xctest */,
			);
			name = Products;
			sourceTree = "<group>";
		};
/* End PBXGroup section */

/* Begin PBXNativeTarget section */
		CBB53F312FED88B0005AD9E9 /* Minimum Wage */ = {
			isa = PBXNativeTarget;
			buildConfigurationList = CBB53F532FED88B1005AD9E9 /* Build configuration list for PBXNativeTarget "Minimum Wage" */;
			buildPhases = (
				CBB53F2E2FED88B0005AD9E9 /* Sources */,
				CBB53F2F2FED88B0005AD9E9 /* Frameworks */,
				CBB53F302FED88B0005AD9E9 /* Resources */,
			);
			buildRules = (
			);
			dependencies = (
			);
			fileSystemSynchronizedGroups = (
				CBB53F342FED88B0005AD9E9 /* Minimum Wage */,
			);
			name = "Minimum Wage";
			packageProductDependencies = (
			);
			productName = "Minimum Wage";
			productReference = CBB53F322FED88B0005AD9E9 /* Minimum Wage.app */;
			productType = "com.apple.product-type.application";
		};
		CBB53F3E2FED88B1005AD9E9 /* Minimum WageTests */ = {
			isa = PBXNativeTarget;
			buildConfigurationList = CBB53F562FED88B1005AD9E9 /* Build configuration list for PBXNativeTarget "Minimum WageTests" */;
			buildPhases = (
				CBB53F3B2FED88B1005AD9E9 /* Sources */,
				CBB53F3C2FED88B1005AD9E9 /* Frameworks */,
				CBB53F3D2FED88B1005AD9E9 /* Resources */,
			);
			buildRules = (
			);
			dependencies = (
				CBB53F412FED88B1005AD9E9 /* PBXTargetDependency */,
			);
			fileSystemSynchronizedGroups = (
				CBB53F422FED88B1005AD9E9 /* Minimum WageTests */,
			);
			name = "Minimum WageTests";
			packageProductDependencies = (
			);
			productName = "Minimum WageTests";
			productReference = CBB53F3F2FED88B1005AD9E9 /* Minimum WageTests.xctest */;
			productType = "com.apple.product-type.bundle.unit-test";
		};
		CBB53F482FED88B1005AD9E9 /* Minimum WageUITests */ = {
			isa = PBXNativeTarget;
			buildConfigurationList = CBB53F592FED88B1005AD9E9 /* Build configuration list for PBXNativeTarget "Minimum WageUITests" */;
			buildPhases = (
				CBB53F452FED88B1005AD9E9 /* Sources */,
				CBB53F462FED88B1005AD9E9 /* Frameworks */,
				CBB53F472FED88B1005AD9E9 /* Resources */,
			);
			buildRules = (
			);
			dependencies = (
				CBB53F4B2FED88B1005AD9E9 /* PBXTargetDependency */,
			);
			fileSystemSynchronizedGroups = (
				CBB53F4C2FED88B1005AD9E9 /* Minimum WageUITests */,
			);
			name = "Minimum WageUITests";
			packageProductDependencies = (
			);
			productName = "Minimum WageUITests";
			productReference = CBB53F492FED88B1005AD9E9 /* Minimum WageUITests.xctest */;
			productType = "com.apple.product-type.bundle.ui-testing";
		};
/* End PBXNativeTarget section */

/* Begin PBXProject section */
		CBB53F2A2FED88B0005AD9E9 /* Project object */ = {
			isa = PBXProject;
			attributes = {
				BuildIndependentTargetsInParallel = 1;
				LastSwiftUpdateCheck = 1640;
				LastUpgradeCheck = 1640;
				TargetAttributes = {
					CBB53F312FED88B0005AD9E9 = {
						CreatedOnToolsVersion = 16.4;
					};
					CBB53F3E2FED88B1005AD9E9 = {
						CreatedOnToolsVersion = 16.4;
						TestTargetID = CBB53F312FED88B0005AD9E9;
					};
					CBB53F482FED88B1005AD9E9 = {
						CreatedOnToolsVersion = 16.4;
						TestTargetID = CBB53F312FED88B0005AD9E9;
					};
				};
			};
			buildConfigurationList = CBB53F2D2FED88B0005AD9E9 /* Build configuration list for PBXProject "Minimum Wage" */;
			developmentRegion = en;
			hasScannedForEncodings = 0;
			knownRegions = (
				en,
				Base,
			);
			mainGroup = CBB53F292FED88B0005AD9E9;
			minimizedProjectReferenceProxies = 1;
			preferredProjectObjectVersion = 77;
			productRefGroup = CBB53F332FED88B0005AD9E9 /* Products */;
			projectDirPath = "";
			projectRoot = "";
			targets = (
				CBB53F312FED88B0005AD9E9 /* Minimum Wage */,
				CBB53F3E2FED88B1005AD9E9 /* Minimum WageTests */,
				CBB53F482FED88B1005AD9E9 /* Minimum WageUITests */,
			);
		};
/* End PBXProject section */

/* Begin PBXResourcesBuildPhase section */
		CBB53F302FED88B0005AD9E9 /* Resources */ = {
			isa = PBXResourcesBuildPhase;
			buildActionMask = 2147483647;
			files = (
			);
			runOnlyForDeploymentPostprocessing = 0;
		};
		CBB53F3D2FED88B1005AD9E9 /* Resources */ = {
			isa = PBXResourcesBuildPhase;
			buildActionMask = 2147483647;
			files = (
			);
			runOnlyForDeploymentPostprocessing = 0;
		};
		CBB53F472FED88B1005AD9E9 /* Resources */ = {
			isa = PBXResourcesBuildPhase;
			buildActionMask = 2147483647;
			files = (
			);
			runOnlyForDeploymentPostprocessing = 0;
		};
/* End PBXResourcesBuildPhase section */

/* Begin PBXSourcesBuildPhase section */
		CBB53F2E2FED88B0005AD9E9 /* Sources */ = {
			isa = PBXSourcesBuildPhase;
			buildActionMask = 2147483647;
			files = (
			);
			runOnlyForDeploymentPostprocessing = 0;
		};
		CBB53F3B2FED88B1005AD9E9 /* Sources */ = {
			isa = PBXSourcesBuildPhase;
			buildActionMask = 2147483647;
			files = (
			);
			runOnlyForDeploymentPostprocessing = 0;
		};
		CBB53F452FED88B1005AD9E9 /* Sources */ = {
			isa = PBXSourcesBuildPhase;
			buildActionMask = 2147483647;
			files = (
			);
			runOnlyForDeploymentPostprocessing = 0;
		};
/* End PBXSourcesBuildPhase section */

/* Begin PBXTargetDependency section */
		CBB53F412FED88B1005AD9E9 /* PBXTargetDependency */ = {
			isa = PBXTargetDependency;
			target = CBB53F312FED88B0005AD9E9 /* Minimum Wage */;
			targetProxy = CBB53F402FED88B1005AD9E9 /* PBXContainerItemProxy */;
		};
		CBB53F4B2FED88B1005AD9E9 /* PBXTargetDependency */ = {
			isa = PBXTargetDependency;
			target = CBB53F312FED88B0005AD9E9 /* Minimum Wage */;
			targetProxy = CBB53F4A2FED88B1005AD9E9 /* PBXContainerItemProxy */;
		};
/* End PBXTargetDependency section */

/* Begin XCBuildConfiguration section */
		CBB53F512FED88B1005AD9E9 /* Debug */ = {
			isa = XCBuildConfiguration;
			buildSettings = {
				ALWAYS_SEARCH_USER_PATHS = NO;
				ASSETCATALOG_COMPILER_GENERATE_SWIFT_ASSET_SYMBOL_EXTENSIONS = YES;
				CLANG_ANALYZER_NONNULL = YES;
				CLANG_ANALYZER_NUMBER_OBJECT_CONVERSION = YES_AGGRESSIVE;
				CLANG_CXX_LANGUAGE_STANDARD = "gnu++20";
				CLANG_ENABLE_MODULES = YES;
				CLANG_ENABLE_OBJC_ARC = YES;
				CLANG_ENABLE_OBJC_WEAK = YES;
				CLANG_WARN_BLOCK_CAPTURE_AUTORELEASING = YES;
				CLANG_WARN_BOOL_CONVERSION = YES;
				CLANG_WARN_COMMA = YES;
				CLANG_WARN_CONSTANT_CONVERSION = YES;
				CLANG_WARN_DEPRECATED_OBJC_IMPLEMENTATIONS = YES;
				CLANG_WARN_DIRECT_OBJC_ISA_USAGE = YES_ERROR;
				CLANG_WARN_DOCUMENTATION_COMMENTS = YES;
				CLANG_WARN_EMPTY_BODY = YES;
				CLANG_WARN_ENUM_CONVERSION = YES;
				CLANG_WARN_INFINITE_RECURSION = YES;
				CLANG_WARN_INT_CONVERSION = YES;
				CLANG_WARN_NON_LITERAL_NULL_CONVERSION = YES;
				CLANG_WARN_OBJC_IMPLICIT_RETAIN_SELF = YES;
				CLANG_WARN_OBJC_LITERAL_CONVERSION = YES;
				CLANG_WARN_OBJC_ROOT_CLASS = YES_ERROR;
				CLANG_WARN_QUOTED_INCLUDE_IN_FRAMEWORK_HEADER = YES;
				CLANG_WARN_RANGE_LOOP_ANALYSIS = YES;
				CLANG_WARN_STRICT_PROTOTYPES = YES;
				CLANG_WARN_SUSPICIOUS_MOVE = YES;
				CLANG_WARN_UNGUARDED_AVAILABILITY = YES_AGGRESSIVE;
				CLANG_WARN_UNREACHABLE_CODE = YES;
				CLANG_WARN__DUPLICATE_METHOD_MATCH = YES;
				COPY_PHASE_STRIP = NO;
				DEBUG_INFORMATION_FORMAT = dwarf;
				DEVELOPMENT_TEAM = 52LS6H35Y9;
				ENABLE_STRICT_OBJC_MSGSEND = YES;
				ENABLE_TESTABILITY = YES;
				ENABLE_USER_SCRIPT_SANDBOXING = YES;
				GCC_C_LANGUAGE_STANDARD = gnu17;
				GCC_DYNAMIC_NO_PIC = NO;
				GCC_NO_COMMON_BLOCKS = YES;
				GCC_OPTIMIZATION_LEVEL = 0;
				GCC_PREPROCESSOR_DEFINITIONS = (
					"DEBUG=1",
					"$(inherited)",
				);
				GCC_WARN_64_TO_32_BIT_CONVERSION = YES;
				GCC_WARN_ABOUT_RETURN_TYPE = YES_ERROR;
				GCC_WARN_UNDECLARED_SELECTOR = YES;
				GCC_WARN_UNINITIALIZED_AUTOS = YES_AGGRESSIVE;
				GCC_WARN_UNUSED_FUNCTION = YES;
				GCC_WARN_UNUSED_VARIABLE = YES;
				IPHONEOS_DEPLOYMENT_TARGET = 18.5;
				LOCALIZATION_PREFERS_STRING_CATALOGS = YES;
				MTL_ENABLE_DEBUG_INFO = INCLUDE_SOURCE;
				MTL_FAST_MATH = YES;
				ONLY_ACTIVE_ARCH = YES;
				SDKROOT = iphoneos;
				SWIFT_ACTIVE_COMPILATION_CONDITIONS = "DEBUG $(inherited)";
				SWIFT_OPTIMIZATION_LEVEL = "-Onone";
			};
			name = Debug;
		};
		CBB53F522FED88B1005AD9E9 /* Release */ = {
			isa = XCBuildConfiguration;
			buildSettings = {
				ALWAYS_SEARCH_USER_PATHS = NO;
				ASSETCATALOG_COMPILER_GENERATE_SWIFT_ASSET_SYMBOL_EXTENSIONS = YES;
				CLANG_ANALYZER_NONNULL = YES;
				CLANG_ANALYZER_NUMBER_OBJECT_CONVERSION = YES_AGGRESSIVE;
				CLANG_CXX_LANGUAGE_STANDARD = "gnu++20";
				CLANG_ENABLE_MODULES = YES;
				CLANG_ENABLE_OBJC_ARC = YES;
				CLANG_ENABLE_OBJC_WEAK = YES;
				CLANG_WARN_BLOCK_CAPTURE_AUTORELEASING = YES;
				CLANG_WARN_BOOL_CONVERSION = YES;
				CLANG_WARN_COMMA = YES;
				CLANG_WARN_CONSTANT_CONVERSION = YES;
				CLANG_WARN_DEPRECATED_OBJC_IMPLEMENTATIONS = YES;
				CLANG_WARN_DIRECT_OBJC_ISA_USAGE = YES_ERROR;
				CLANG_WARN_DOCUMENTATION_COMMENTS = YES;
				CLANG_WARN_EMPTY_BODY = YES;
				CLANG_WARN_ENUM_CONVERSION = YES;
				CLANG_WARN_INFINITE_RECURSION = YES;
				CLANG_WARN_INT_CONVERSION = YES;
				CLANG_WARN_NON_LITERAL_NULL_CONVERSION = YES;
				CLANG_WARN_OBJC_IMPLICIT_RETAIN_SELF = YES;
				CLANG_WARN_OBJC_LITERAL_CONVERSION = YES;
				CLANG_WARN_OBJC_ROOT_CLASS = YES_ERROR;
				CLANG_WARN_QUOTED_INCLUDE_IN_FRAMEWORK_HEADER = YES;
				CLANG_WARN_RANGE_LOOP_ANALYSIS = YES;
				CLANG_WARN_STRICT_PROTOTYPES = YES;
				CLANG_WARN_SUSPICIOUS_MOVE = YES;
				CLANG_WARN_UNGUARDED_AVAILABILITY = YES_AGGRESSIVE;
				CLANG_WARN_UNREACHABLE_CODE = YES;
				CLANG_WARN__DUPLICATE_METHOD_MATCH = YES;
				COPY_PHASE_STRIP = NO;
				DEBUG_INFORMATION_FORMAT = "dwarf-with-dsym";
				DEVELOPMENT_TEAM = 52LS6H35Y9;
				ENABLE_NS_ASSERTIONS = NO;
				ENABLE_STRICT_OBJC_MSGSEND = YES;
				ENABLE_USER_SCRIPT_SANDBOXING = YES;
				GCC_C_LANGUAGE_STANDARD = gnu17;
				GCC_NO_COMMON_BLOCKS = YES;
				GCC_WARN_64_TO_32_BIT_CONVERSION = YES;
				GCC_WARN_ABOUT_RETURN_TYPE = YES_ERROR;
				GCC_WARN_UNDECLARED_SELECTOR = YES;
				GCC_WARN_UNINITIALIZED_AUTOS = YES_AGGRESSIVE;
				GCC_WARN_UNUSED_FUNCTION = YES;
				GCC_WARN_UNUSED_VARIABLE = YES;
				IPHONEOS_DEPLOYMENT_TARGET = 18.5;
				LOCALIZATION_PREFERS_STRING_CATALOGS = YES;
				MTL_ENABLE_DEBUG_INFO = NO;
				MTL_FAST_MATH = YES;
				SDKROOT = iphoneos;
				SWIFT_COMPILATION_MODE = wholemodule;
				VALIDATE_PRODUCT = YES;
			};
			name = Release;
		};
		CBB53F542FED88B1005AD9E9 /* Debug */ = {
			isa = XCBuildConfiguration;
			buildSettings = {
				ASSETCATALOG_COMPILER_APPICON_NAME = AppIcon;
				ASSETCATALOG_COMPILER_GLOBAL_ACCENT_COLOR_NAME = AccentColor;
				CODE_SIGN_STYLE = Automatic;
				CURRENT_PROJECT_VERSION = 1;
				DEVELOPMENT_TEAM = 52LS6H35Y9;
				ENABLE_PREVIEWS = YES;
				GENERATE_INFOPLIST_FILE = YES;
				INFOPLIST_KEY_UIApplicationSceneManifest_Generation = YES;
				INFOPLIST_KEY_UIApplicationSupportsIndirectInputEvents = YES;
				INFOPLIST_KEY_UILaunchScreen_Generation = YES;
				INFOPLIST_KEY_UISupportedInterfaceOrientations_iPad = "UIInterfaceOrientationPortrait UIInterfaceOrientationPortraitUpsideDown UIInterfaceOrientationLandscapeLeft UIInterfaceOrientationLandscapeRight";
				INFOPLIST_KEY_UISupportedInterfaceOrientations_iPhone = "UIInterfaceOrientationPortrait UIInterfaceOrientationLandscapeLeft UIInterfaceOrientationLandscapeRight";
				LD_RUNPATH_SEARCH_PATHS = (
					"$(inherited)",
					"@executable_path/Frameworks",
				);
				MARKETING_VERSION = 1.0;
				PRODUCT_BUNDLE_IDENTIFIER = "org.cminow.Minimum-Wage";
				PRODUCT_NAME = "$(TARGET_NAME)";
				SWIFT_EMIT_LOC_STRINGS = YES;
				SWIFT_VERSION = 5.0;
				TARGETED_DEVICE_FAMILY = "1,2";
			};
			name = Debug;
		};
		CBB53F552FED88B1005AD9E9 /* Release */ = {
			isa = XCBuildConfiguration;
			buildSettings = {
				ASSETCATALOG_COMPILER_APPICON_NAME = AppIcon;
				ASSETCATALOG_COMPILER_GLOBAL_ACCENT_COLOR_NAME = AccentColor;
				CODE_SIGN_STYLE = Automatic;
				CURRENT_PROJECT_VERSION = 1;
				DEVELOPMENT_TEAM = 52LS6H35Y9;
				ENABLE_PREVIEWS = YES;
				GENERATE_INFOPLIST_FILE = YES;
				INFOPLIST_KEY_UIApplicationSceneManifest_Generation = YES;
				INFOPLIST_KEY_UIApplicationSupportsIndirectInputEvents = YES;
				INFOPLIST_KEY_UILaunchScreen_Generation = YES;
				INFOPLIST_KEY_UISupportedInterfaceOrientations_iPad = "UIInterfaceOrientationPortrait UIInterfaceOrientationPortraitUpsideDown UIInterfaceOrientationLandscapeLeft UIInterfaceOrientationLandscapeRight";
				INFOPLIST_KEY_UISupportedInterfaceOrientations_iPhone = "UIInterfaceOrientationPortrait UIInterfaceOrientationLandscapeLeft UIInterfaceOrientationLandscapeRight";
				LD_RUNPATH_SEARCH_PATHS = (
					"$(inherited)",
					"@executable_path/Frameworks",
				);
				MARKETING_VERSION = 1.0;
				PRODUCT_BUNDLE_IDENTIFIER = "org.cminow.Minimum-Wage";
				PRODUCT_NAME = "$(TARGET_NAME)";
				SWIFT_EMIT_LOC_STRINGS = YES;
				SWIFT_VERSION = 5.0;
				TARGETED_DEVICE_FAMILY = "1,2";
			};
			name = Release;
		};
		CBB53F572FED88B1005AD9E9 /* Debug */ = {
			isa = XCBuildConfiguration;
			buildSettings = {
				BUNDLE_LOADER = "$(TEST_HOST)";
				CODE_SIGN_STYLE = Automatic;
				CURRENT_PROJECT_VERSION = 1;
				DEVELOPMENT_TEAM = 52LS6H35Y9;
				GENERATE_INFOPLIST_FILE = YES;
				IPHONEOS_DEPLOYMENT_TARGET = 18.5;
				MARKETING_VERSION = 1.0;
				PRODUCT_BUNDLE_IDENTIFIER = "org.cminow.Minimum-WageTests";
				PRODUCT_NAME = "$(TARGET_NAME)";
				SWIFT_EMIT_LOC_STRINGS = NO;
				SWIFT_VERSION = 5.0;
				TARGETED_DEVICE_FAMILY = "1,2";
				TEST_HOST = "$(BUILT_PRODUCTS_DIR)/Minimum Wage.app/$(BUNDLE_EXECUTABLE_FOLDER_PATH)/Minimum Wage";
			};
			name = Debug;
		};
		CBB53F582FED88B1005AD9E9 /* Release */ = {
			isa = XCBuildConfiguration;
			buildSettings = {
				BUNDLE_LOADER = "$(TEST_HOST)";
				CODE_SIGN_STYLE = Automatic;
				CURRENT_PROJECT_VERSION = 1;
				DEVELOPMENT_TEAM = 52LS6H35Y9;
				GENERATE_INFOPLIST_FILE = YES;
				IPHONEOS_DEPLOYMENT_TARGET = 18.5;
				MARKETING_VERSION = 1.0;
				PRODUCT_BUNDLE_IDENTIFIER = "org.cminow.Minimum-WageTests";
				PRODUCT_NAME = "$(TARGET_NAME)";
				SWIFT_EMIT_LOC_STRINGS = NO;
				SWIFT_VERSION = 5.0;
				TARGETED_DEVICE_FAMILY = "1,2";
				TEST_HOST = "$(BUILT_PRODUCTS_DIR)/Minimum Wage.app/$(BUNDLE_EXECUTABLE_FOLDER_PATH)/Minimum Wage";
			};
			name = Release;
		};
		CBB53F5A2FED88B1005AD9E9 /* Debug */ = {
			isa = XCBuildConfiguration;
			buildSettings = {
				CODE_SIGN_STYLE = Automatic;
				CURRENT_PROJECT_VERSION = 1;
				DEVELOPMENT_TEAM = 52LS6H35Y9;
				GENERATE_INFOPLIST_FILE = YES;
				MARKETING_VERSION = 1.0;
				PRODUCT_BUNDLE_IDENTIFIER = "org.cminow.Minimum-WageUITests";
				PRODUCT_NAME = "$(TARGET_NAME)";
				SWIFT_EMIT_LOC_STRINGS = NO;
				SWIFT_VERSION = 5.0;
				TARGETED_DEVICE_FAMILY = "1,2";
				TEST_TARGET_NAME = "Minimum Wage";
			};
			name = Debug;
		};
		CBB53F5B2FED88B1005AD9E9 /* Release */ = {
			isa = XCBuildConfiguration;
			buildSettings = {
				CODE_SIGN_STYLE = Automatic;
				CURRENT_PROJECT_VERSION = 1;
				DEVELOPMENT_TEAM = 52LS6H35Y9;
				GENERATE_INFOPLIST_FILE = YES;
				MARKETING_VERSION = 1.0;
				PRODUCT_BUNDLE_IDENTIFIER = "org.cminow.Minimum-WageUITests";
				PRODUCT_NAME = "$(TARGET_NAME)";
				SWIFT_EMIT_LOC_STRINGS = NO;
				SWIFT_VERSION = 5.0;
				TARGETED_DEVICE_FAMILY = "1,2";
				TEST_TARGET_NAME = "Minimum Wage";
			};
			name = Release;
		};
/* End XCBuildConfiguration section */

/* Begin XCConfigurationList section */
		CBB53F2D2FED88B0005AD9E9 /* Build configuration list for PBXProject "Minimum Wage" */ = {
			isa = XCConfigurationList;
			buildConfigurations = (
				CBB53F512FED88B1005AD9E9 /* Debug */,
				CBB53F522FED88B1005AD9E9 /* Release */,
			);
			defaultConfigurationIsVisible = 0;
			defaultConfigurationName = Release;
		};
		CBB53F532FED88B1005AD9E9 /* Build configuration list for PBXNativeTarget "Minimum Wage" */ = {
			isa = XCConfigurationList;
			buildConfigurations = (
				CBB53F542FED88B1005AD9E9 /* Debug */,
				CBB53F552FED88B1005AD9E9 /* Release */,
			);
			defaultConfigurationIsVisible = 0;
			defaultConfigurationName = Release;
		};
		CBB53F562FED88B1005AD9E9 /* Build configuration list for PBXNativeTarget "Minimum WageTests" */ = {
			isa = XCConfigurationList;
			buildConfigurations = (
				CBB53F572FED88B1005AD9E9 /* Debug */,
				CBB53F582FED88B1005AD9E9 /* Release */,
			);
			defaultConfigurationIsVisible = 0;
			defaultConfigurationName = Release;
		};
		CBB53F592FED88B1005AD9E9 /* Build configuration list for PBXNativeTarget "Minimum WageUITests" */ = {
			isa = XCConfigurationList;
			buildConfigurations = (
				CBB53F5A2FED88B1005AD9E9 /* Debug */,
				CBB53F5B2FED88B1005AD9E9 /* Release */,
			);
			defaultConfigurationIsVisible = 0;
			defaultConfigurationName = Release;
		};
/* End XCConfigurationList section */
	};
	rootObject = CBB53F2A2FED88B0005AD9E9 /* Project object */;
}
